// !$*UTF8*$!
{
	archiveVersion = 1;
	classes = {
	};
	objectVersion = 77;
	objects = {

/* Begin PBXContainerItemProxy section */
		FB09FE7E2E5CD9EF00BBE508 /* PBXContainerItemProxy */ = {
			isa = PBXContainerItemProxy;
			containerPortal = FB09FE682E5CD9EE00BBE508 /* Project object */;
			proxyType = 1;
			remoteGlobalIDString = FB09FE6F2E5CD9EE00BBE508;
			remoteInfo = PokeAPI_SantiagoTamez;
		};
		FB09FE882E5CD9F000BBE508 /* PBXContainerItemProxy */ = {
			isa = PBXContainerItemProxy;
			containerPortal = FB09FE682E5CD9EE00BBE508 /* Project object */;
			proxyType = 1;
			remoteGlobalIDString = FB09FE6F2E5CD9EE00BBE508;
			remoteInfo = PokeAPI_SantiagoTamez;
		};
/* End PBXContainerItemProxy section */

/* Begin PBXFileReference section */
		FB09FE702E5CD9EE00BBE508 /* PokeAPI_SantiagoTamez.app */ = {isa = PBXFileReference; explicitFileType = wrapper.application; includeInIndex = 0; path = PokeAPI_SantiagoTamez.app; sourceTree = BUILT_PRODUCTS_DIR; };
		FB09FE7D2E5CD9EF00BBE508 /* PokeAPI_SantiagoTamezTests.xctest */ = {isa = PBXFileReference; explicitFileType = wrapper.cfbundle; includeInIndex = 0; path = PokeAPI_SantiagoTamezTests.xctest; sourceTree = BUILT_PRODUCTS_DIR; };
		FB09FE872E5CD9F000BBE508 /* PokeAPI_SantiagoTamezUITests.xctest */ = {isa = PBXFileReference; explicitFileType = wrapper.cfbundle; includeInIndex = 0; path = PokeAPI_SantiagoTamezUITests.xctest; sourceTree = BUILT_PRODUCTS_DIR; };
/* End PBXFileReference section */

/* Begin PBXFileSystemSynchronizedRootGroup section */
		FB09FE722E5CD9EE00BBE508 /* PokeAPI_SantiagoTamez */ = {
			isa = PBXFileSystemSynchronizedRootGroup;
			path = PokeAPI_SantiagoTamez;
			sourceTree = "<group>";
		};
		FB09FE802E5CD9F000BBE508 /* PokeAPI_SantiagoTamezTests */ = {
			isa = PBXFileSystemSynchronizedRootGroup;
			path = PokeAPI_SantiagoTamezTests;
			sourceTree = "<group>";
		};
		FB09FE8A2E5CD9F000BBE508 /* PokeAPI_SantiagoTamezUITests */ = {
			isa = PBXFileSystemSynchronizedRootGroup;
			path = PokeAPI_SantiagoTamezUITests;
			sourceTree = "<group>";
		};
/* End PBXFileSystemSynchronizedRootGroup section */

/* Begin PBXFrameworksBuildPhase section */
		FB09FE6D2E5CD9EE00BBE508 /* Frameworks */ = {
			isa = PBXFrameworksBuildPhase;
			buildActionMask = 2147483647;
			files = (
			);
			runOnlyForDeploymentPostprocessing = 0;
		};
		FB09FE7A2E5CD9EF00BBE508 /* Frameworks */ = {
			isa = PBXFrameworksBuildPhase;
			buildActionMask = 2147483647;
			files = (
			);
			runOnlyForDeploymentPostprocessing = 0;
		};
		FB09FE842E5CD9F000BBE508 /* Frameworks */ = {
			isa = PBXFrameworksBuildPhase;
			buildActionMask = 2147483647;
			files = (
			);
			runOnlyForDeploymentPostprocessing = 0;
		};
/* End PBXFrameworksBuildPhase section */

/* Begin PBXGroup section */
		FB09FE672E5CD9EE00BBE508 = {
			isa = PBXGroup;
			children = (
				FB09FE722E5CD9EE00BBE508 /* PokeAPI_SantiagoTamez */,
				FB09FE802E5CD9F000BBE508 /* PokeAPI_SantiagoTamezTests */,
				FB09FE8A2E5CD9F000BBE508 /* PokeAPI_SantiagoTamezUITests */,
				FB09FE712E5CD9EE00BBE508 /* Products */,
			);
			sourceTree = "<group>";
		};
		FB09FE712E5CD9EE00BBE508 /* Products */ = {
			isa = PBXGroup;
			children = (
				FB09FE702E5CD9EE00BBE508 /* PokeAPI_SantiagoTamez.app */,
				FB09FE7D2E5CD9EF00BBE508 /* PokeAPI_SantiagoTamezTests.xctest */,
				FB09FE872E5CD9F000BBE508 /* PokeAPI_SantiagoTamezUITests.xctest */,
			);
			name = Products;
			sourceTree = "<group>";
		};
/* End PBXGroup section */

/* Begin PBXNativeTarget section */
		FB09FE6F2E5CD9EE00BBE508 /* PokeAPI_SantiagoTamez */ = {
			isa = PBXNativeTarget;
			buildConfigurationList = FB09FE912E5CD9F000BBE508 /* Build configuration list for PBXNativeTarget "PokeAPI_SantiagoTamez" */;
			buildPhases = (
				FB09FE6C2E5CD9EE00BBE508 /* Sources */,
				FB09FE6D2E5CD9EE00BBE508 /* Frameworks */,
				FB09FE6E2E5CD9EE00BBE508 /* Resources */,
			);
			buildRules = (
			);
			dependencies = (
			);
			fileSystemSynchronizedGroups = (
				FB09FE722E5CD9EE00BBE508 /* PokeAPI_SantiagoTamez */,
			);
			name = PokeAPI_SantiagoTamez;
			packageProductDependencies = (
			);
			productName = PokeAPI_SantiagoTamez;
			productReference = FB09FE702E5CD9EE00BBE508 /* PokeAPI_SantiagoTamez.app */;
			productType = "com.apple.product-type.application";
		};
		FB09FE7C2E5CD9EF00BBE508 /* PokeAPI_SantiagoTamezTests */ = {
			isa = PBXNativeTarget;
			buildConfigurationList = FB09FE942E5CD9F000BBE508 /* Build configuration list for PBXNativeTarget "PokeAPI_SantiagoTamezTests" */;
			buildPhases = (
				FB09FE792E5CD9EF00BBE508 /* Sources */,
				FB09FE7A2E5CD9EF00BBE508 /* Frameworks */,
				FB09FE7B2E5CD9EF00BBE508 /* Resources */,
			);
			buildRules = (
			);
			dependencies = (
				FB09FE7F2E5CD9EF00BBE508 /* PBXTargetDependency */,
			);
			fileSystemSynchronizedGroups = (
				FB09FE802E5CD9F000BBE508 /* PokeAPI_SantiagoTamezTests */,
			);
			name = PokeAPI_SantiagoTamezTests;
			packageProductDependencies = (
			);
			productName = PokeAPI_SantiagoTamezTests;
			productReference = FB09FE7D2E5CD9EF00BBE508 /* PokeAPI_SantiagoTamezTests.xctest */;
			productType = "com.apple.product-type.bundle.unit-test";
		};
		FB09FE862E5CD9F000BBE508 /* PokeAPI_SantiagoTamezUITests */ = {
			isa = PBXNativeTarget;
			buildConfigurationList = FB09FE972E5CD9F000BBE508 /* Build configuration list for PBXNativeTarget "PokeAPI_SantiagoTamezUITests" */;
			buildPhases = (
				FB09FE832E5CD9F000BBE508 /* Sources */,
				FB09FE842E5CD9F000BBE508 /* Frameworks */,
				FB09FE852E5CD9F000BBE508 /* Resources */,
			);
			buildRules = (
			);
			dependencies = (
				FB09FE892E5CD9F000BBE508 /* PBXTargetDependency */,
			);
			fileSystemSynchronizedGroups = (
				FB09FE8A2E5CD9F000BBE508 /* PokeAPI_SantiagoTamezUITests */,
			);
			name = PokeAPI_SantiagoTamezUITests;
			packageProductDependencies = (
			);
			productName = PokeAPI_SantiagoTamezUITests;
			productReference = FB09FE872E5CD9F000BBE508 /* PokeAPI_SantiagoTamezUITests.xctest */;
			productType = "com.apple.product-type.bundle.ui-testing";
		};
/* End PBXNativeTarget section */

/* Begin PBXProject section */
		FB09FE682E5CD9EE00BBE508 /* Project object */ = {
			isa = PBXProject;
			attributes = {
				BuildIndependentTargetsInParallel = 1;
				LastSwiftUpdateCheck = 1640;
				LastUpgradeCheck = 1640;
				TargetAttributes = {
					FB09FE6F2E5CD9EE00BBE508 = {
						CreatedOnToolsVersion = 16.4;
					};
					FB09FE7C2E5CD9EF00BBE508 = {
						CreatedOnToolsVersion = 16.4;
						TestTargetID = FB09FE6F2E5CD9EE00BBE508;
					};
					FB09FE862E5CD9F000BBE508 = {
						CreatedOnToolsVersion = 16.4;
						TestTargetID = FB09FE6F2E5CD9EE00BBE508;
					};
				};
			};
			buildConfigurationList = FB09FE6B2E5CD9EE00BBE508 /* Build configuration list for PBXProject "PokeAPI_SantiagoTamez" */;
			developmentRegion = en;
			hasScannedForEncodings = 0;
			knownRegions = (
				en,
				Base,
			);
			mainGroup = FB09FE672E5CD9EE00BBE508;
			minimizedProjectReferenceProxies = 1;
			preferredProjectObjectVersion = 77;
			productRefGroup = FB09FE712E5CD9EE00BBE508 /* Products */;
			projectDirPath = "";
			projectRoot = "";
			targets = (
				FB09FE6F2E5CD9EE00BBE508 /* PokeAPI_SantiagoTamez */,
				FB09FE7C2E5CD9EF00BBE508 /* PokeAPI_SantiagoTamezTests */,
				FB09FE862E5CD9F000BBE508 /* PokeAPI_SantiagoTamezUITests */,
			);
		};
/* End PBXProject section */

/* Begin PBXResourcesBuildPhase section */
		FB09FE6E2E5CD9EE00BBE508 /* Resources */ = {
			isa = PBXResourcesBuildPhase;
			buildActionMask = 2147483647;
			files = (
			);
			runOnlyForDeploymentPostprocessing = 0;
		};
		FB09FE7B2E5CD9EF00BBE508 /* Resources */ = {
			isa = PBXResourcesBuildPhase;
			buildActionMask = 2147483647;
			files = (
			);
			runOnlyForDeploymentPostprocessing = 0;
		};
		FB09FE852E5CD9F000BBE508 /* Resources */ = {
			isa = PBXResourcesBuildPhase;
			buildActionMask = 2147483647;
			files = (
			);
			runOnlyForDeploymentPostprocessing = 0;
		};
/* End PBXResourcesBuildPhase section */

/* Begin PBXSourcesBuildPhase section */
		FB09FE6C2E5CD9EE00BBE508 /* Sources */ = {
			isa = PBXSourcesBuildPhase;
			buildActionMask = 2147483647;
			files = (
			);
			runOnlyForDeploymentPostprocessing = 0;
		};
		FB09FE792E5CD9EF00BBE508 /* Sources */ = {
			isa = PBXSourcesBuildPhase;
			buildActionMask = 2147483647;
			files = (
			);
			runOnlyForDeploymentPostprocessing = 0;
		};
		FB09FE832E5CD9F000BBE508 /* Sources */ = {
			isa = PBXSourcesBuildPhase;
			buildActionMask = 2147483647;
			files = (
			);
			runOnlyForDeploymentPostprocessing = 0;
		};
/* End PBXSourcesBuildPhase section */

/* Begin PBXTargetDependency section */
		FB09FE7F2E5CD9EF00BBE508 /* PBXTargetDependency */ = {
			isa = PBXTargetDependency;
			target = FB09FE6F2E5CD9EE00BBE508 /* PokeAPI_SantiagoTamez */;
			targetProxy = FB09FE7E2E5CD9EF00BBE508 /* PBXContainerItemProxy */;
		};
		FB09FE892E5CD9F000BBE508 /* PBXTargetDependency */ = {
			isa = PBXTargetDependency;
			target = FB09FE6F2E5CD9EE00BBE508 /* PokeAPI_SantiagoTamez */;
			targetProxy = FB09FE882E5CD9F000BBE508 /* PBXContainerItemProxy */;
		};
/* End PBXTargetDependency section */

/* Begin XCBuildConfiguration section */
		FB09FE8F2E5CD9F000BBE508 /* Debug */ = {
			isa = XCBuildConfiguration;
			buildSettings = {
				ALWAYS_SEARCH_USER_PATHS = NO;
				ASSETCATALOG_COMPILER_GENERATE_SWIFT_ASSET_SYMBOL_EXTENSIONS = YES;
				CLANG_ANALYZER_NONNULL = YES;
				CLANG_ANALYZER_NUMBER_OBJECT_CONVERSION = YES_AGGRESSIVE;
				CLANG_CXX_LANGUAGE_STANDARD = "gnu++20";
				CLANG_ENABLE_MODULES = YES;
				CLANG_ENABLE_OBJC_ARC = YES;
				CLANG_ENABLE_OBJC_WEAK = YES;
				CLANG_WARN_BLOCK_CAPTURE_AUTORELEASING = YES;
				CLANG_WARN_BOOL_CONVERSION = YES;
				CLANG_WARN_COMMA = YES;
				CLANG_WARN_CONSTANT_CONVERSION = YES;
				CLANG_WARN_DEPRECATED_OBJC_IMPLEMENTATIONS = YES;
				CLANG_WARN_DIRECT_OBJC_ISA_USAGE = YES_ERROR;
				CLANG_WARN_DOCUMENTATION_COMMENTS = YES;
				CLANG_WARN_EMPTY_BODY = YES;
				CLANG_WARN_ENUM_CONVERSION = YES;
				CLANG_WARN_INFINITE_RECURSION = YES;
				CLANG_WARN_INT_CONVERSION = YES;
				CLANG_WARN_NON_LITERAL_NULL_CONVERSION = YES;
				CLANG_WARN_OBJC_IMPLICIT_RETAIN_SELF = YES;
				CLANG_WARN_OBJC_LITERAL_CONVERSION = YES;
				CLANG_WARN_OBJC_ROOT_CLASS = YES_ERROR;
				CLANG_WARN_QUOTED_INCLUDE_IN_FRAMEWORK_HEADER = YES;
				CLANG_WARN_RANGE_LOOP_ANALYSIS = YES;
				CLANG_WARN_STRICT_PROTOTYPES = YES;
				CLANG_WARN_SUSPICIOUS_MOVE = YES;
				CLANG_WARN_UNGUARDED_AVAILABILITY = YES_AGGRESSIVE;
				CLANG_WARN_UNREACHABLE_CODE = YES;
				CLANG_WARN__DUPLICATE_METHOD_MATCH = YES;
				COPY_PHASE_STRIP = NO;
				DEBUG_INFORMATION_FORMAT = dwarf;
				DEVELOPMENT_TEAM = ZH6L5A6L2W;
				ENABLE_STRICT_OBJC_MSGSEND = YES;
				ENABLE_TESTABILITY = YES;
				ENABLE_USER_SCRIPT_SANDBOXING = YES;
				GCC_C_LANGUAGE_STANDARD = gnu17;
				GCC_DYNAMIC_NO_PIC = NO;
				GCC_NO_COMMON_BLOCKS = YES;
				GCC_OPTIMIZATION_LEVEL = 0;
				GCC_PREPROCESSOR_DEFINITIONS = (
					"DEBUG=1",
					"$(inherited)",
				);
				GCC_WARN_64_TO_32_BIT_CONVERSION = YES;
				GCC_WARN_ABOUT_RETURN_TYPE = YES_ERROR;
				GCC_WARN_UNDECLARED_SELECTOR = YES;
				GCC_WARN_UNINITIALIZED_AUTOS = YES_AGGRESSIVE;
				GCC_WARN_UNUSED_FUNCTION = YES;
				GCC_WARN_UNUSED_VARIABLE = YES;
				IPHONEOS_DEPLOYMENT_TARGET = 18.5;
				LOCALIZATION_PREFERS_STRING_CATALOGS = YES;
				MTL_ENABLE_DEBUG_INFO = INCLUDE_SOURCE;
				MTL_FAST_MATH = YES;
				ONLY_ACTIVE_ARCH = YES;
				SDKROOT = iphoneos;
				SWIFT_ACTIVE_COMPILATION_CONDITIONS = "DEBUG $(inherited)";
				SWIFT_OPTIMIZATION_LEVEL = "-Onone";
			};
			name = Debug;
		};
		FB09FE902E5CD9F000BBE508 /* Release */ = {
			isa = XCBuildConfiguration;
			buildSettings = {
				ALWAYS_SEARCH_USER_PATHS = NO;
				ASSETCATALOG_COMPILER_GENERATE_SWIFT_ASSET_SYMBOL_EXTENSIONS = YES;
				CLANG_ANALYZER_NONNULL = YES;
				CLANG_ANALYZER_NUMBER_OBJECT_CONVERSION = YES_AGGRESSIVE;
				CLANG_CXX_LANGUAGE_STANDARD = "gnu++20";
				CLANG_ENABLE_MODULES = YES;
				CLANG_ENABLE_OBJC_ARC = YES;
				CLANG_ENABLE_OBJC_WEAK = YES;
				CLANG_WARN_BLOCK_CAPTURE_AUTORELEASING = YES;
				CLANG_WARN_BOOL_CONVERSION = YES;
				CLANG_WARN_COMMA = YES;
				CLANG_WARN_CONSTANT_CONVERSION = YES;
				CLANG_WARN_DEPRECATED_OBJC_IMPLEMENTATIONS = YES;
				CLANG_WARN_DIRECT_OBJC_ISA_USAGE = YES_ERROR;
				CLANG_WARN_DOCUMENTATION_COMMENTS = YES;
				CLANG_WARN_EMPTY_BODY = YES;
				CLANG_WARN_ENUM_CONVERSION = YES;
				CLANG_WARN_INFINITE_RECURSION = YES;
				CLANG_WARN_INT_CONVERSION = YES;
				CLANG_WARN_NON_LITERAL_NULL_CONVERSION = YES;
				CLANG_WARN_OBJC_IMPLICIT_RETAIN_SELF = YES;
				CLANG_WARN_OBJC_LITERAL_CONVERSION = YES;
				CLANG_WARN_OBJC_ROOT_CLASS = YES_ERROR;
				CLANG_WARN_QUOTED_INCLUDE_IN_FRAMEWORK_HEADER = YES;
				CLANG_WARN_RANGE_LOOP_ANALYSIS = YES;
				CLANG_WARN_STRICT_PROTOTYPES = YES;
				CLANG_WARN_SUSPICIOUS_MOVE = YES;
				CLANG_WARN_UNGUARDED_AVAILABILITY = YES_AGGRESSIVE;
				CLANG_WARN_UNREACHABLE_CODE = YES;
				CLANG_WARN__DUPLICATE_METHOD_MATCH = YES;
				COPY_PHASE_STRIP = NO;
				DEBUG_INFORMATION_FORMAT = "dwarf-with-dsym";
				DEVELOPMENT_TEAM = ZH6L5A6L2W;
				ENABLE_NS_ASSERTIONS = NO;
				ENABLE_STRICT_OBJC_MSGSEND = YES;
				ENABLE_USER_SCRIPT_SANDBOXING = YES;
				GCC_C_LANGUAGE_STANDARD = gnu17;
				GCC_NO_COMMON_BLOCKS = YES;
				GCC_WARN_64_TO_32_BIT_CONVERSION = YES;
				GCC_WARN_ABOUT_RETURN_TYPE = YES_ERROR;
				GCC_WARN_UNDECLARED_SELECTOR = YES;
				GCC_WARN_UNINITIALIZED_AUTOS = YES_AGGRESSIVE;
				GCC_WARN_UNUSED_FUNCTION = YES;
				GCC_WARN_UNUSED_VARIABLE = YES;
				IPHONEOS_DEPLOYMENT_TARGET = 18.5;
				LOCALIZATION_PREFERS_STRING_CATALOGS = YES;
				MTL_ENABLE_DEBUG_INFO = NO;
				MTL_FAST_MATH = YES;
				SDKROOT = iphoneos;
				SWIFT_COMPILATION_MODE = wholemodule;
				VALIDATE_PRODUCT = YES;
			};
			name = Release;
		};
		FB09FE922E5CD9F000BBE508 /* Debug */ = {
			isa = XCBuildConfiguration;
			buildSettings = {
				ASSETCATALOG_COMPILER_APPICON_NAME = AppIcon;
				ASSETCATALOG_COMPILER_GLOBAL_ACCENT_COLOR_NAME = AccentColor;
				CODE_SIGN_STYLE = Automatic;
				CURRENT_PROJECT_VERSION = 1;
				DEVELOPMENT_TEAM = ZH6L5A6L2W;
				ENABLE_PREVIEWS = YES;
				GENERATE_INFOPLIST_FILE = YES;
				INFOPLIST_KEY_UIApplicationSceneManifest_Generation = YES;
				INFOPLIST_KEY_UIApplicationSupportsIndirectInputEvents = YES;
				INFOPLIST_KEY_UILaunchScreen_Generation = YES;
				INFOPLIST_KEY_UISupportedInterfaceOrientations_iPad = "UIInterfaceOrientationPortrait UIInterfaceOrientationPortraitUpsideDown UIInterfaceOrientationLandscapeLeft UIInterfaceOrientationLandscapeRight";
				INFOPLIST_KEY_UISupportedInterfaceOrientations_iPhone = "UIInterfaceOrientationPortrait UIInterfaceOrientationLandscapeLeft UIInterfaceOrientationLandscapeRight";
				LD_RUNPATH_SEARCH_PATHS = (
					"$(inherited)",
					"@executable_path/Frameworks",
				);
				MARKETING_VERSION = 1.0;
				PRODUCT_BUNDLE_IDENTIFIER = "name.SantiagoTamez.PokeAPI-SantiagoTamez";
				PRODUCT_NAME = "$(TARGET_NAME)";
				SWIFT_EMIT_LOC_STRINGS = YES;
				SWIFT_VERSION = 5.0;
				TARGETED_DEVICE_FAMILY = "1,2";
			};
			name = Debug;
		};
		FB09FE932E5CD9F000BBE508 /* Release */ = {
			isa = XCBuildConfiguration;
			buildSettings = {
				ASSETCATALOG_COMPILER_APPICON_NAME = AppIcon;
				ASSETCATALOG_COMPILER_GLOBAL_ACCENT_COLOR_NAME = AccentColor;
				CODE_SIGN_STYLE = Automatic;
				CURRENT_PROJECT_VERSION = 1;
				DEVELOPMENT_TEAM = ZH6L5A6L2W;
				ENABLE_PREVIEWS = YES;
				GENERATE_INFOPLIST_FILE = YES;
				INFOPLIST_KEY_UIApplicationSceneManifest_Generation = YES;
				INFOPLIST_KEY_UIApplicationSupportsIndirectInputEvents = YES;
				INFOPLIST_KEY_UILaunchScreen_Generation = YES;
				INFOPLIST_KEY_UISupportedInterfaceOrientations_iPad = "UIInterfaceOrientationPortrait UIInterfaceOrientationPortraitUpsideDown UIInterfaceOrientationLandscapeLeft UIInterfaceOrientationLandscapeRight";
				INFOPLIST_KEY_UISupportedInterfaceOrientations_iPhone = "UIInterfaceOrientationPortrait UIInterfaceOrientationLandscapeLeft UIInterfaceOrientationLandscapeRight";
				LD_RUNPATH_SEARCH_PATHS = (
					"$(inherited)",
					"@executable_path/Frameworks",
				);
				MARKETING_VERSION = 1.0;
				PRODUCT_BUNDLE_IDENTIFIER = "name.SantiagoTamez.PokeAPI-SantiagoTamez";
				PRODUCT_NAME = "$(TARGET_NAME)";
				SWIFT_EMIT_LOC_STRINGS = YES;
				SWIFT_VERSION = 5.0;
				TARGETED_DEVICE_FAMILY = "1,2";
			};
			name = Release;
		};
		FB09FE952E5CD9F000BBE508 /* Debug */ = {
			isa = XCBuildConfiguration;
			buildSettings = {
				BUNDLE_LOADER = "$(TEST_HOST)";
				CODE_SIGN_STYLE = Automatic;
				CURRENT_PROJECT_VERSION = 1;
				DEVELOPMENT_TEAM = ZH6L5A6L2W;
				GENERATE_INFOPLIST_FILE = YES;
				IPHONEOS_DEPLOYMENT_TARGET = 18.5;
				MARKETING_VERSION = 1.0;
				PRODUCT_BUNDLE_IDENTIFIER = "name.SantiagoTamez.PokeAPI-SantiagoTamezTests";
				PRODUCT_NAME = "$(TARGET_NAME)";
				SWIFT_EMIT_LOC_STRINGS = NO;
				SWIFT_VERSION = 5.0;
				TARGETED_DEVICE_FAMILY = "1,2";
				TEST_HOST = "$(BUILT_PRODUCTS_DIR)/PokeAPI_SantiagoTamez.app/$(BUNDLE_EXECUTABLE_FOLDER_PATH)/PokeAPI_SantiagoTamez";
			};
			name = Debug;
		};
		FB09FE962E5CD9F000BBE508 /* Release */ = {
			isa = XCBuildConfiguration;
			buildSettings = {
				BUNDLE_LOADER = "$(TEST_HOST)";
				CODE_SIGN_STYLE = Automatic;
				CURRENT_PROJECT_VERSION = 1;
				DEVELOPMENT_TEAM = ZH6L5A6L2W;
				GENERATE_INFOPLIST_FILE = YES;
				IPHONEOS_DEPLOYMENT_TARGET = 18.5;
				MARKETING_VERSION = 1.0;
				PRODUCT_BUNDLE_IDENTIFIER = "name.SantiagoTamez.PokeAPI-SantiagoTamezTests";
				PRODUCT_NAME = "$(TARGET_NAME)";
				SWIFT_EMIT_LOC_STRINGS = NO;
				SWIFT_VERSION = 5.0;
				TARGETED_DEVICE_FAMILY = "1,2";
				TEST_HOST = "$(BUILT_PRODUCTS_DIR)/PokeAPI_SantiagoTamez.app/$(BUNDLE_EXECUTABLE_FOLDER_PATH)/PokeAPI_SantiagoTamez";
			};
			name = Release;
		};
		FB09FE982E5CD9F000BBE508 /* Debug */ = {
			isa = XCBuildConfiguration;
			buildSettings = {
				CODE_SIGN_STYLE = Automatic;
				CURRENT_PROJECT_VERSION = 1;
				DEVELOPMENT_TEAM = ZH6L5A6L2W;
				GENERATE_INFOPLIST_FILE = YES;
				MARKETING_VERSION = 1.0;
				PRODUCT_BUNDLE_IDENTIFIER = "name.SantiagoTamez.PokeAPI-SantiagoTamezUITests";
				PRODUCT_NAME = "$(TARGET_NAME)";
				SWIFT_EMIT_LOC_STRINGS = NO;
				SWIFT_VERSION = 5.0;
				TARGETED_DEVICE_FAMILY = "1,2";
				TEST_TARGET_NAME = PokeAPI_SantiagoTamez;
			};
			name = Debug;
		};
		FB09FE992E5CD9F000BBE508 /* Release */ = {
			isa = XCBuildConfiguration;
			buildSettings = {
				CODE_SIGN_STYLE = Automatic;
				CURRENT_PROJECT_VERSION = 1;
				DEVELOPMENT_TEAM = ZH6L5A6L2W;
				GENERATE_INFOPLIST_FILE = YES;
				MARKETING_VERSION = 1.0;
				PRODUCT_BUNDLE_IDENTIFIER = "name.SantiagoTamez.PokeAPI-SantiagoTamezUITests";
				PRODUCT_NAME = "$(TARGET_NAME)";
				SWIFT_EMIT_LOC_STRINGS = NO;
				SWIFT_VERSION = 5.0;
				TARGETED_DEVICE_FAMILY = "1,2";
				TEST_TARGET_NAME = PokeAPI_SantiagoTamez;
			};
			name = Release;
		};
/* End XCBuildConfiguration section */

/* Begin XCConfigurationList section */
		FB09FE6B2E5CD9EE00BBE508 /* Build configuration list for PBXProject "PokeAPI_SantiagoTamez" */ = {
			isa = XCConfigurationList;
			buildConfigurations = (
				FB09FE8F2E5CD9F000BBE508 /* Debug */,
				FB09FE902E5CD9F000BBE508 /* Release */,
			);
			defaultConfigurationIsVisible = 0;
			defaultConfigurationName = Release;
		};
		FB09FE912E5CD9F000BBE508 /* Build configuration list for PBXNativeTarget "PokeAPI_SantiagoTamez" */ = {
			isa = XCConfigurationList;
			buildConfigurations = (
				FB09FE922E5CD9F000BBE508 /* Debug */,
				FB09FE932E5CD9F000BBE508 /* Release */,
			);
			defaultConfigurationIsVisible = 0;
			defaultConfigurationName = Release;
		};
		FB09FE942E5CD9F000BBE508 /* Build configuration list for PBXNativeTarget "PokeAPI_SantiagoTamezTests" */ = {
			isa = XCConfigurationList;
			buildConfigurations = (
				FB09FE952E5CD9F000BBE508 /* Debug */,
				FB09FE962E5CD9F000BBE508 /* Release */,
			);
			defaultConfigurationIsVisible = 0;
			defaultConfigurationName = Release;
		};
		FB09FE972E5CD9F000BBE508 /* Build configuration list for PBXNativeTarget "PokeAPI_SantiagoTamezUITests" */ = {
			isa = XCConfigurationList;
			buildConfigurations = (
				FB09FE982E5CD9F000BBE508 /* Debug */,
				FB09FE992E5CD9F000BBE508 /* Release */,
			);
			defaultConfigurationIsVisible = 0;
			defaultConfigurationName = Release;
		};
/* End XCConfigurationList section */
	};
	rootObject = FB09FE682E5CD9EE00BBE508 /* Project object */;
}
